
Microsoft Visual Studio Solution File, Format Version 12.00
# 
VisualStudioVersion = 17.5.002.0
MinimumVisualStudioVersion = 
Project("{FAE04EC0-301F-11D3-BF4B-00C04F79EFBC}") = "Orchid.Core", "Orchid.Core\Orchid.Core.csproj", "{7D13B336-6379-4363-943C-856375075DA8}"
EndProject
Project("{FAE04EC0-301F-11D3-BF4B-00C04F79EFBC}") = "Orchid.Application", "Orchid.Application\Orchid.Application.csproj", "{AF915E2C-35B0-4C72-A34B-1D780C9B6BA8}"
EndProject
Project("{FAE04EC0-301F-11D3-BF4B-00C04F79EFBC}") = "Orchid.Engine", "Orchid.Engine\Orchid.Engine.csproj", "{B05E3A0C-AFC8-411E-B124-41C3871BF4F4}"
EndProject
Project("{FAE04EC0-301F-11D3-BF4B-00C04F79EFBC}") = "Orchid.Infrastructure", "Orchid.Infrastructure\Orchid.Infrastructure.csproj", "{42ACDB3B-5569-473D-9D6E-BB197A76ECA4}"
EndProject
Project("{FAE04EC0-301F-11D3-BF4B-00C04F79EFBC}") = "Orchid.Presentation", "Orchid.Presentation\Orchid.Presentation.csproj", "{6D17E34C-A66C-4D10-BCF3-070911C7AB90}"
EndProject
Global
	GlobalSection(SolutionConfigurationPlatforms) = preSolution
		Debug|Any CPU = Debug|Any CPU
		Release|Any CPU = Release|Any CPU
	EndGlobalSection
	GlobalSection(ProjectConfigurationPlatforms) = postSolution
		{7D13B336-6379-4363-943C-856375075DA8}.Debug|Any CPU.ActiveCfg = Debug|Any CPU
		{7D13B336-6379-4363-943C-856375075DA8}.Debug|Any CPU.Build.0 = Debug|Any CPU
		{7D13B336-6379-4363-943C-856375075DA8}.Release|Any CPU.ActiveCfg = Release|Any CPU
		{7D13B336-6379-4363-943C-856375075DA8}.Release|Any CPU.Build.0 = Release|Any CPU
		{AF915E2C-35B0-4C72-A34B-1D780C9B6BA8}.Debug|Any CPU.ActiveCfg = Debug|Any CPU
		{AF915E2C-35B0-4C72-A34B-1D780C9B6BA8}.Debug|Any CPU.Build.0 = Debug|Any CPU
		{AF915E2C-35B0-4C72-A34B-1D780C9B6BA8}.Release|Any CPU.ActiveCfg = Release|Any CPU
		{AF915E2C-35B0-4C72-A34B-1D780C9B6BA8}.Release|Any CPU.Build.0 = Release|Any CPU
		{B05E3A0C-AFC8-411E-B124-41C3871BF4F4}.Debug|Any CPU.ActiveCfg = Debug|Any CPU
		{B05E3A0C-AFC8-411E-B124-41C3871BF4F4}.Debug|Any CPU.Build.0 = Debug|Any CPU
		{B05E3A0C-AFC8-411E-B124-41C3871BF4F4}.Release|Any CPU.ActiveCfg = Release|Any CPU
		{B05E3A0C-AFC8-411E-B124-41C3871BF4F4}.Release|Any CPU.Build.0 = Release|Any CPU
		{42ACDB3B-5569-473D-9D6E-BB197A76ECA4}.Debug|Any CPU.ActiveCfg = Debug|Any CPU
		{42ACDB3B-5569-473D-9D6E-BB197A76ECA4}.Debug|Any CPU.Build.0 = Debug|Any CPU
		{42ACDB3B-5569-473D-9D6E-BB197A76ECA4}.Release|Any CPU.ActiveCfg = Release|Any CPU
		{42ACDB3B-5569-473D-9D6E-BB197A76ECA4}.Release|Any CPU.Build.0 = Release|Any CPU
		{6D17E34C-A66C-4D10-BCF3-070911C7AB90}.Debug|Any CPU.ActiveCfg = Debug|Any CPU
		{6D17E34C-A66C-4D10-BCF3-070911C7AB90}.Debug|Any CPU.Build.0 = Debug|Any CPU
		{6D17E34C-A66C-4D10-BCF3-070911C7AB90}.Release|Any CPU.ActiveCfg = Release|Any CPU
		{6D17E34C-A66C-4D10-BCF3-070911C7AB90}.Release|Any CPU.Build.0 = Release|Any CPU
	EndGlobalSection
	GlobalSection(SolutionProperties) = preSolution
		HideSolutionNode = FALSE
	EndGlobalSection
EndGlobal
